
Microsoft Visual Studio Solution File, Format Version 11.00
# Visual Studio 2010
Project("{FAE04EC0-301F-11D3-BF4B-00C04F79EFBC}") = "Utopia", "Utopia\Utopia.csproj", "{DB3E251E-EF28-44D5-9F9A-DB07624CD753}"
EndProject
Project("{FAE04EC0-301F-11D3-BF4B-00C04F79EFBC}") = "Utopia.Resources", "Utopia.Resources\Utopia.Resources.csproj", "{B27F1C32-FC29-4845-AD2B-89DDBFCDFD2F}"
EndProject
Project("{FAE04EC0-301F-11D3-BF4B-00C04F79EFBC}") = "Utopia.Shared", "Utopia.Shared\Utopia.Shared.csproj", "{0055C413-EA38-4721-943D-DF7E99BD3563}"
EndProject
Project("{FAE04EC0-301F-11D3-BF4B-00C04F79EFBC}") = "Utopia.Server", "Utopia.Server\Utopia.Server.csproj", "{0DE240B7-B340-43AD-B663-65CFA43351ED}"
EndProject
Project("{FAE04EC0-301F-11D3-BF4B-00C04F79EFBC}") = "Utopia.Tests", "Utopia.Tests\Utopia.Tests.csproj", "{7716805C-620D-457D-8A53-2026CF69E765}"
EndProject
Project("{2150E333-8FDC-42A3-9474-1A3956D46DE8}") = "Solution Items", "Solution Items", "{6B06ECC3-87DA-4D7A-95AC-AFF03571B8A0}"
	ProjectSection(SolutionItems) = preProject
		Local.testsettings = Local.testsettings
		TraceAndTestImpact.testsettings = TraceAndTestImpact.testsettings
		Utopia.vsmdi = Utopia.vsmdi
	EndProjectSection
EndProject
Project("{2150E333-8FDC-42A3-9474-1A3956D46DE8}") = "Gameplay", "Gameplay", "{16F39C83-EC82-4286-BAA2-EE91D5CC461B}"
EndProject
Project("{FAE04EC0-301F-11D3-BF4B-00C04F79EFBC}") = "Sandbox.Server", "Sandbox\Sandbox.Server\Sandbox.Server.csproj", "{B0BB4433-F9CF-423F-9C58-8FABD8A82B41}"
EndProject
Project("{FAE04EC0-301F-11D3-BF4B-00C04F79EFBC}") = "Sandbox.Shared", "Sandbox\Sandbox.Shared\Sandbox.Shared.csproj", "{F1802365-2422-40CA-9962-21BD6B93B6D3}"
EndProject
Project("{FAE04EC0-301F-11D3-BF4B-00C04F79EFBC}") = "Sandbox.Client", "Sandbox\Sandbox.Client\Sandbox.Client.csproj", "{B2B7381A-86E2-4897-B04D-14EF79BE34C3}"
EndProject
Project("{FAE04EC0-301F-11D3-BF4B-00C04F79EFBC}") = "Sandbox.Resources", "Sandbox\Sandbox.Resources\Sandbox.Resources.csproj", "{C09A8BDD-5E9F-43D9-91C5-7C6F6362A0B7}"
EndProject
Project("{FAE04EC0-301F-11D3-BF4B-00C04F79EFBC}") = "BEPUphysics", "..\Bepu\BEPUphysics\BEPUphysics.csproj", "{C0D52C9F-14B8-4008-8DDC-109C27561A5C}"
EndProject
Project("{FAE04EC0-301F-11D3-BF4B-00C04F79EFBC}") = "S33M3_DXEngine", "..\..\..\Programmation\S33M3Engines\S33M3_DXEngine\S33M3_DXEngine.csproj", "{27574C31-E46C-4E4D-BA36-404346F897C8}"
EndProject
Project("{FAE04EC0-301F-11D3-BF4B-00C04F79EFBC}") = "S33M3_CoreComponents", "..\..\..\Programmation\S33M3Engines\S33M3_CoreComponents\S33M3_CoreComponents.csproj", "{D0C4DB7F-547E-4A40-A5CA-41391A310938}"
EndProject
Global
	GlobalSection(TestCaseManagementSettings) = postSolution
		CategoryFile = Utopia.vsmdi
	EndGlobalSection
	GlobalSection(SolutionConfigurationPlatforms) = preSolution
		Debug|Any CPU = Debug|Any CPU
		Debug|Mixed Platforms = Debug|Mixed Platforms
		Debug|x86 = Debug|x86
		Release|Any CPU = Release|Any CPU
		Release|Mixed Platforms = Release|Mixed Platforms
		Release|x86 = Release|x86
	EndGlobalSection
	GlobalSection(ProjectConfigurationPlatforms) = postSolution
		{DB3E251E-EF28-44D5-9F9A-DB07624CD753}.Debug|Any CPU.ActiveCfg = Debug|x86
		{DB3E251E-EF28-44D5-9F9A-DB07624CD753}.Debug|Any CPU.Build.0 = Debug|x86
		{DB3E251E-EF28-44D5-9F9A-DB07624CD753}.Debug|Mixed Platforms.ActiveCfg = Debug|x86
		{DB3E251E-EF28-44D5-9F9A-DB07624CD753}.Debug|Mixed Platforms.Build.0 = Debug|x86
		{DB3E251E-EF28-44D5-9F9A-DB07624CD753}.Debug|x86.ActiveCfg = Debug|x86
		{DB3E251E-EF28-44D5-9F9A-DB07624CD753}.Debug|x86.Build.0 = Debug|x86
		{DB3E251E-EF28-44D5-9F9A-DB07624CD753}.Release|Any CPU.ActiveCfg = Release|x86
		{DB3E251E-EF28-44D5-9F9A-DB07624CD753}.Release|Any CPU.Build.0 = Release|x86
		{DB3E251E-EF28-44D5-9F9A-DB07624CD753}.Release|Mixed Platforms.ActiveCfg = Release|x86
		{DB3E251E-EF28-44D5-9F9A-DB07624CD753}.Release|Mixed Platforms.Build.0 = Release|x86
		{DB3E251E-EF28-44D5-9F9A-DB07624CD753}.Release|x86.ActiveCfg = Release|x86
		{DB3E251E-EF28-44D5-9F9A-DB07624CD753}.Release|x86.Build.0 = Release|x86
		{B27F1C32-FC29-4845-AD2B-89DDBFCDFD2F}.Debug|Any CPU.ActiveCfg = Debug|Any CPU
		{B27F1C32-FC29-4845-AD2B-89DDBFCDFD2F}.Debug|Any CPU.Build.0 = Debug|Any CPU
		{B27F1C32-FC29-4845-AD2B-89DDBFCDFD2F}.Debug|Mixed Platforms.ActiveCfg = Debug|Any CPU
		{B27F1C32-FC29-4845-AD2B-89DDBFCDFD2F}.Debug|Mixed Platforms.Build.0 = Debug|Any CPU
		{B27F1C32-FC29-4845-AD2B-89DDBFCDFD2F}.Debug|x86.ActiveCfg = Debug|Any CPU
		{B27F1C32-FC29-4845-AD2B-89DDBFCDFD2F}.Release|Any CPU.ActiveCfg = Release|Any CPU
		{B27F1C32-FC29-4845-AD2B-89DDBFCDFD2F}.Release|Any CPU.Build.0 = Release|Any CPU
		{B27F1C32-FC29-4845-AD2B-89DDBFCDFD2F}.Release|Mixed Platforms.ActiveCfg = Release|Any CPU
		{B27F1C32-FC29-4845-AD2B-89DDBFCDFD2F}.Release|Mixed Platforms.Build.0 = Release|Any CPU
		{B27F1C32-FC29-4845-AD2B-89DDBFCDFD2F}.Release|x86.ActiveCfg = Release|Any CPU
		{0055C413-EA38-4721-943D-DF7E99BD3563}.Debug|Any CPU.ActiveCfg = Debug|Any CPU
		{0055C413-EA38-4721-943D-DF7E99BD3563}.Debug|Any CPU.Build.0 = Debug|Any CPU
		{0055C413-EA38-4721-943D-DF7E99BD3563}.Debug|Mixed Platforms.ActiveCfg = Debug|Any CPU
		{0055C413-EA38-4721-943D-DF7E99BD3563}.Debug|Mixed Platforms.Build.0 = Debug|Any CPU
		{0055C413-EA38-4721-943D-DF7E99BD3563}.Debug|x86.ActiveCfg = Debug|Any CPU
		{0055C413-EA38-4721-943D-DF7E99BD3563}.Release|Any CPU.ActiveCfg = Release|Any CPU
		{0055C413-EA38-4721-943D-DF7E99BD3563}.Release|Any CPU.Build.0 = Release|Any CPU
		{0055C413-EA38-4721-943D-DF7E99BD3563}.Release|Mixed Platforms.ActiveCfg = Release|Any CPU
		{0055C413-EA38-4721-943D-DF7E99BD3563}.Release|Mixed Platforms.Build.0 = Release|Any CPU
		{0055C413-EA38-4721-943D-DF7E99BD3563}.Release|x86.ActiveCfg = Release|Any CPU
		{0DE240B7-B340-43AD-B663-65CFA43351ED}.Debug|Any CPU.ActiveCfg = Debug|x86
		{0DE240B7-B340-43AD-B663-65CFA43351ED}.Debug|Any CPU.Build.0 = Debug|x86
		{0DE240B7-B340-43AD-B663-65CFA43351ED}.Debug|Mixed Platforms.ActiveCfg = Debug|x86
		{0DE240B7-B340-43AD-B663-65CFA43351ED}.Debug|Mixed Platforms.Build.0 = Debug|x86
		{0DE240B7-B340-43AD-B663-65CFA43351ED}.Debug|x86.ActiveCfg = Debug|x86
		{0DE240B7-B340-43AD-B663-65CFA43351ED}.Debug|x86.Build.0 = Debug|x86
		{0DE240B7-B340-43AD-B663-65CFA43351ED}.Release|Any CPU.ActiveCfg = Release|x86
		{0DE240B7-B340-43AD-B663-65CFA43351ED}.Release|Any CPU.Build.0 = Release|x86
		{0DE240B7-B340-43AD-B663-65CFA43351ED}.Release|Mixed Platforms.ActiveCfg = Release|x86
		{0DE240B7-B340-43AD-B663-65CFA43351ED}.Release|Mixed Platforms.Build.0 = Release|x86
		{0DE240B7-B340-43AD-B663-65CFA43351ED}.Release|x86.ActiveCfg = Release|x86
		{0DE240B7-B340-43AD-B663-65CFA43351ED}.Release|x86.Build.0 = Release|x86
		{7716805C-620D-457D-8A53-2026CF69E765}.Debug|Any CPU.ActiveCfg = Debug|Any CPU
		{7716805C-620D-457D-8A53-2026CF69E765}.Debug|Any CPU.Build.0 = Debug|Any CPU
		{7716805C-620D-457D-8A53-2026CF69E765}.Debug|Mixed Platforms.ActiveCfg = Debug|Any CPU
		{7716805C-620D-457D-8A53-2026CF69E765}.Debug|Mixed Platforms.Build.0 = Debug|Any CPU
		{7716805C-620D-457D-8A53-2026CF69E765}.Debug|x86.ActiveCfg = Debug|Any CPU
		{7716805C-620D-457D-8A53-2026CF69E765}.Release|Any CPU.ActiveCfg = Release|Any CPU
		{7716805C-620D-457D-8A53-2026CF69E765}.Release|Any CPU.Build.0 = Release|Any CPU
		{7716805C-620D-457D-8A53-2026CF69E765}.Release|Mixed Platforms.ActiveCfg = Release|Any CPU
		{7716805C-620D-457D-8A53-2026CF69E765}.Release|Mixed Platforms.Build.0 = Release|Any CPU
		{7716805C-620D-457D-8A53-2026CF69E765}.Release|x86.ActiveCfg = Release|Any CPU
		{B0BB4433-F9CF-423F-9C58-8FABD8A82B41}.Debug|Any CPU.ActiveCfg = Debug|x86
		{B0BB4433-F9CF-423F-9C58-8FABD8A82B41}.Debug|Any CPU.Build.0 = Debug|x86
		{B0BB4433-F9CF-423F-9C58-8FABD8A82B41}.Debug|Mixed Platforms.ActiveCfg = Debug|x86
		{B0BB4433-F9CF-423F-9C58-8FABD8A82B41}.Debug|Mixed Platforms.Build.0 = Debug|x86
		{B0BB4433-F9CF-423F-9C58-8FABD8A82B41}.Debug|x86.ActiveCfg = Debug|x86
		{B0BB4433-F9CF-423F-9C58-8FABD8A82B41}.Debug|x86.Build.0 = Debug|x86
		{B0BB4433-F9CF-423F-9C58-8FABD8A82B41}.Release|Any CPU.ActiveCfg = Release|x86
		{B0BB4433-F9CF-423F-9C58-8FABD8A82B41}.Release|Any CPU.Build.0 = Release|x86
		{B0BB4433-F9CF-423F-9C58-8FABD8A82B41}.Release|Mixed Platforms.ActiveCfg = Release|x86
		{B0BB4433-F9CF-423F-9C58-8FABD8A82B41}.Release|Mixed Platforms.Build.0 = Release|x86
		{B0BB4433-F9CF-423F-9C58-8FABD8A82B41}.Release|x86.ActiveCfg = Release|x86
		{B0BB4433-F9CF-423F-9C58-8FABD8A82B41}.Release|x86.Build.0 = Release|x86
		{F1802365-2422-40CA-9962-21BD6B93B6D3}.Debug|Any CPU.ActiveCfg = Debug|x86
		{F1802365-2422-40CA-9962-21BD6B93B6D3}.Debug|Any CPU.Build.0 = Debug|x86
		{F1802365-2422-40CA-9962-21BD6B93B6D3}.Debug|Mixed Platforms.ActiveCfg = Debug|x86
		{F1802365-2422-40CA-9962-21BD6B93B6D3}.Debug|Mixed Platforms.Build.0 = Debug|x86
		{F1802365-2422-40CA-9962-21BD6B93B6D3}.Debug|x86.ActiveCfg = Debug|x86
		{F1802365-2422-40CA-9962-21BD6B93B6D3}.Debug|x86.Build.0 = Debug|x86
		{F1802365-2422-40CA-9962-21BD6B93B6D3}.Release|Any CPU.ActiveCfg = Release|x86
		{F1802365-2422-40CA-9962-21BD6B93B6D3}.Release|Any CPU.Build.0 = Release|x86
		{F1802365-2422-40CA-9962-21BD6B93B6D3}.Release|Mixed Platforms.ActiveCfg = Release|x86
		{F1802365-2422-40CA-9962-21BD6B93B6D3}.Release|Mixed Platforms.Build.0 = Release|x86
		{F1802365-2422-40CA-9962-21BD6B93B6D3}.Release|x86.ActiveCfg = Release|x86
		{F1802365-2422-40CA-9962-21BD6B93B6D3}.Release|x86.Build.0 = Release|x86
		{B2B7381A-86E2-4897-B04D-14EF79BE34C3}.Debug|Any CPU.ActiveCfg = Debug|x86
		{B2B7381A-86E2-4897-B04D-14EF79BE34C3}.Debug|Any CPU.Build.0 = Debug|x86
		{B2B7381A-86E2-4897-B04D-14EF79BE34C3}.Debug|Mixed Platforms.ActiveCfg = Debug|x86
		{B2B7381A-86E2-4897-B04D-14EF79BE34C3}.Debug|Mixed Platforms.Build.0 = Debug|x86
		{B2B7381A-86E2-4897-B04D-14EF79BE34C3}.Debug|x86.ActiveCfg = Debug|x86
		{B2B7381A-86E2-4897-B04D-14EF79BE34C3}.Debug|x86.Build.0 = Debug|x86
		{B2B7381A-86E2-4897-B04D-14EF79BE34C3}.Release|Any CPU.ActiveCfg = Release|x86
		{B2B7381A-86E2-4897-B04D-14EF79BE34C3}.Release|Any CPU.Build.0 = Release|x86
		{B2B7381A-86E2-4897-B04D-14EF79BE34C3}.Release|Mixed Platforms.ActiveCfg = Release|x86
		{B2B7381A-86E2-4897-B04D-14EF79BE34C3}.Release|Mixed Platforms.Build.0 = Release|x86
		{B2B7381A-86E2-4897-B04D-14EF79BE34C3}.Release|x86.ActiveCfg = Release|x86
		{B2B7381A-86E2-4897-B04D-14EF79BE34C3}.Release|x86.Build.0 = Release|x86
		{C09A8BDD-5E9F-43D9-91C5-7C6F6362A0B7}.Debug|Any CPU.ActiveCfg = Debug|Any CPU
		{C09A8BDD-5E9F-43D9-91C5-7C6F6362A0B7}.Debug|Any CPU.Build.0 = Debug|Any CPU
		{C09A8BDD-5E9F-43D9-91C5-7C6F6362A0B7}.Debug|Mixed Platforms.ActiveCfg = Debug|Any CPU
		{C09A8BDD-5E9F-43D9-91C5-7C6F6362A0B7}.Debug|Mixed Platforms.Build.0 = Debug|Any CPU
		{C09A8BDD-5E9F-43D9-91C5-7C6F6362A0B7}.Debug|x86.ActiveCfg = Debug|Any CPU
		{C09A8BDD-5E9F-43D9-91C5-7C6F6362A0B7}.Release|Any CPU.ActiveCfg = Release|Any CPU
		{C09A8BDD-5E9F-43D9-91C5-7C6F6362A0B7}.Release|Any CPU.Build.0 = Release|Any CPU
		{C09A8BDD-5E9F-43D9-91C5-7C6F6362A0B7}.Release|Mixed Platforms.ActiveCfg = Release|Any CPU
		{C09A8BDD-5E9F-43D9-91C5-7C6F6362A0B7}.Release|Mixed Platforms.Build.0 = Release|Any CPU
		{C09A8BDD-5E9F-43D9-91C5-7C6F6362A0B7}.Release|x86.ActiveCfg = Release|Any CPU
		{C0D52C9F-14B8-4008-8DDC-109C27561A5C}.Debug|Any CPU.ActiveCfg = Debug|x86
		{C0D52C9F-14B8-4008-8DDC-109C27561A5C}.Debug|Any CPU.Build.0 = Debug|x86
		{C0D52C9F-14B8-4008-8DDC-109C27561A5C}.Debug|Mixed Platforms.ActiveCfg = Debug|x86
		{C0D52C9F-14B8-4008-8DDC-109C27561A5C}.Debug|Mixed Platforms.Build.0 = Debug|x86
		{C0D52C9F-14B8-4008-8DDC-109C27561A5C}.Debug|x86.ActiveCfg = Debug|x86
		{C0D52C9F-14B8-4008-8DDC-109C27561A5C}.Debug|x86.Build.0 = Debug|x86
		{C0D52C9F-14B8-4008-8DDC-109C27561A5C}.Release|Any CPU.ActiveCfg = Release|x86
		{C0D52C9F-14B8-4008-8DDC-109C27561A5C}.Release|Mixed Platforms.ActiveCfg = Release|x86
		{C0D52C9F-14B8-4008-8DDC-109C27561A5C}.Release|Mixed Platforms.Build.0 = Release|x86
		{C0D52C9F-14B8-4008-8DDC-109C27561A5C}.Release|x86.ActiveCfg = Release|x86
		{C0D52C9F-14B8-4008-8DDC-109C27561A5C}.Release|x86.Build.0 = Release|x86
		{27574C31-E46C-4E4D-BA36-404346F897C8}.Debug|Any CPU.ActiveCfg = Debug|Any CPU
		{27574C31-E46C-4E4D-BA36-404346F897C8}.Debug|Any CPU.Build.0 = Debug|Any CPU
		{27574C31-E46C-4E4D-BA36-404346F897C8}.Debug|Mixed Platforms.ActiveCfg = Debug|Any CPU
		{27574C31-E46C-4E4D-BA36-404346F897C8}.Debug|Mixed Platforms.Build.0 = Debug|Any CPU
		{27574C31-E46C-4E4D-BA36-404346F897C8}.Debug|x86.ActiveCfg = Debug|Any CPU
		{27574C31-E46C-4E4D-BA36-404346F897C8}.Release|Any CPU.ActiveCfg = Release|Any CPU
		{27574C31-E46C-4E4D-BA36-404346F897C8}.Release|Any CPU.Build.0 = Release|Any CPU
		{27574C31-E46C-4E4D-BA36-404346F897C8}.Release|Mixed Platforms.ActiveCfg = Release|Any CPU
		{27574C31-E46C-4E4D-BA36-404346F897C8}.Release|Mixed Platforms.Build.0 = Release|Any CPU
		{27574C31-E46C-4E4D-BA36-404346F897C8}.Release|x86.ActiveCfg = Release|Any CPU
		{D0C4DB7F-547E-4A40-A5CA-41391A310938}.Debug|Any CPU.ActiveCfg = Debug|Any CPU
		{D0C4DB7F-547E-4A40-A5CA-41391A310938}.Debug|Any CPU.Build.0 = Debug|Any CPU
		{D0C4DB7F-547E-4A40-A5CA-41391A310938}.Debug|Mixed Platforms.ActiveCfg = Debug|Any CPU
		{D0C4DB7F-547E-4A40-A5CA-41391A310938}.Debug|Mixed Platforms.Build.0 = Debug|Any CPU
		{D0C4DB7F-547E-4A40-A5CA-41391A310938}.Debug|x86.ActiveCfg = Debug|Any CPU
		{D0C4DB7F-547E-4A40-A5CA-41391A310938}.Release|Any CPU.ActiveCfg = Release|Any CPU
		{D0C4DB7F-547E-4A40-A5CA-41391A310938}.Release|Any CPU.Build.0 = Release|Any CPU
		{D0C4DB7F-547E-4A40-A5CA-41391A310938}.Release|Mixed Platforms.ActiveCfg = Release|Any CPU
		{D0C4DB7F-547E-4A40-A5CA-41391A310938}.Release|Mixed Platforms.Build.0 = Release|Any CPU
		{D0C4DB7F-547E-4A40-A5CA-41391A310938}.Release|x86.ActiveCfg = Release|Any CPU
	EndGlobalSection
	GlobalSection(SolutionProperties) = preSolution
		HideSolutionNode = FALSE
	EndGlobalSection
	GlobalSection(NestedProjects) = preSolution
		{B0BB4433-F9CF-423F-9C58-8FABD8A82B41} = {16F39C83-EC82-4286-BAA2-EE91D5CC461B}
		{F1802365-2422-40CA-9962-21BD6B93B6D3} = {16F39C83-EC82-4286-BAA2-EE91D5CC461B}
		{B2B7381A-86E2-4897-B04D-14EF79BE34C3} = {16F39C83-EC82-4286-BAA2-EE91D5CC461B}
		{C09A8BDD-5E9F-43D9-91C5-7C6F6362A0B7} = {16F39C83-EC82-4286-BAA2-EE91D5CC461B}
	EndGlobalSection
	GlobalSection(SubversionScc) = preSolution
		Svn-Managed = True
		Manager = AnkhSVN - Subversion Support for Visual Studio
	EndGlobalSection
EndGlobal
