
Microsoft Visual Studio Solution File, Format Version 12.00
# Visual Studio 2013
VisualStudioVersion = 12.0.30110.0
MinimumVisualStudioVersion = 10.0.40219.1
Project("{FAE04EC0-301F-11D3-BF4B-00C04F79EFBC}") = "Utopia", "Utopia\Utopia.csproj", "{DB3E251E-EF28-44D5-9F9A-DB07624CD753}"
EndProject
Project("{FAE04EC0-301F-11D3-BF4B-00C04F79EFBC}") = "Utopia.Resources", "Utopia.Resources\Utopia.Resources.csproj", "{B27F1C32-FC29-4845-AD2B-89DDBFCDFD2F}"
EndProject
Project("{FAE04EC0-301F-11D3-BF4B-00C04F79EFBC}") = "Utopia.Shared", "Utopia.Shared\Utopia.Shared.csproj", "{0055C413-EA38-4721-943D-DF7E99BD3563}"
EndProject
Project("{FAE04EC0-301F-11D3-BF4B-00C04F79EFBC}") = "Utopia.Tests", "Utopia.Tests\Utopia.Tests.csproj", "{7716805C-620D-457D-8A53-2026CF69E765}"
EndProject
Project("{2150E333-8FDC-42A3-9474-1A3956D46DE8}") = "Solution Items", "Solution Items", "{6B06ECC3-87DA-4D7A-95AC-AFF03571B8A0}"
	ProjectSection(SolutionItems) = preProject
		Local.testsettings = Local.testsettings
		TraceAndTestImpact.testsettings = TraceAndTestImpact.testsettings
		Utopia.vsmdi = Utopia.vsmdi
	EndProjectSection
EndProject
Project("{2150E333-8FDC-42A3-9474-1A3956D46DE8}") = "Gameplay", "Gameplay", "{16F39C83-EC82-4286-BAA2-EE91D5CC461B}"
EndProject
Project("{FAE04EC0-301F-11D3-BF4B-00C04F79EFBC}") = "Realms.Server", "Realms\Realms.Server\Realms.Server.csproj", "{B0BB4433-F9CF-423F-9C58-8FABD8A82B41}"
EndProject
Project("{FAE04EC0-301F-11D3-BF4B-00C04F79EFBC}") = "Shared.Resources", "Resources\Shared.Resources\Shared.Resources.csproj", "{C09A8BDD-5E9F-43D9-91C5-7C6F6362A0B7}"
EndProject
Project("{2150E333-8FDC-42A3-9474-1A3956D46DE8}") = "S33m3Engines", "S33m3Engines", "{545BA7F6-928A-4C2C-AB0F-5EFB5D153708}"
EndProject
Project("{FAE04EC0-301F-11D3-BF4B-00C04F79EFBC}") = "S33M3DXEngine", "..\S33M3Engines\S33M3DXEngine\S33M3DXEngine.csproj", "{27574C31-E46C-4E4D-BA36-404346F897C8}"
EndProject
Project("{FAE04EC0-301F-11D3-BF4B-00C04F79EFBC}") = "S33M3Resources", "..\S33M3Engines\S33M3Resources\S33M3Resources.csproj", "{52E1F2EF-4462-4CC3-A783-2D3A352A2602}"
EndProject
Project("{FAE04EC0-301F-11D3-BF4B-00C04F79EFBC}") = "S33M3CoreComponents", "..\S33M3Engines\S33M3CoreComponents\S33M3CoreComponents.csproj", "{D0C4DB7F-547E-4A40-A5CA-41391A310938}"
EndProject
Project("{FAE04EC0-301F-11D3-BF4B-00C04F79EFBC}") = "Realms.Client", "Realms\Realms.Client\Realms.Client.csproj", "{6DF982CF-DAE8-4994-9ADE-E30FD3E13723}"
	ProjectSection(ProjectDependencies) = postProject
		{B0BB4433-F9CF-423F-9C58-8FABD8A82B41} = {B0BB4433-F9CF-423F-9C58-8FABD8A82B41}
		{A0AEF662-59FC-4E0C-BFB9-4CF1E31752B3} = {A0AEF662-59FC-4E0C-BFB9-4CF1E31752B3}
	EndProjectSection
EndProject
Project("{FAE04EC0-301F-11D3-BF4B-00C04F79EFBC}") = "Utopia.Editor", "Utopia.Editor\Utopia.Editor.csproj", "{0742CD16-90C3-4FF9-914D-0F65C311F78B}"
EndProject
Project("{2150E333-8FDC-42A3-9474-1A3956D46DE8}") = "Utils", "Utils", "{391649F4-9A97-4855-9493-0EAF2D8E8BB3}"
EndProject
Project("{FAE04EC0-301F-11D3-BF4B-00C04F79EFBC}") = "Utopia.Updater", "Utopia.Updater\Utopia.Updater.csproj", "{A6CC8D7C-5D9E-4DAD-AD5B-52448EC4559D}"
EndProject
Project("{FAE04EC0-301F-11D3-BF4B-00C04F79EFBC}") = "UpdateMaker", "UpdateMaker\UpdateMaker.csproj", "{C08EEA93-7525-414C-A578-0F00170A8015}"
EndProject
Project("{FAE04EC0-301F-11D3-BF4B-00C04F79EFBC}") = "PacksOptimize", "PacksOptimize\PacksOptimize.csproj", "{A0AEF662-59FC-4E0C-BFB9-4CF1E31752B3}"
EndProject
Project("{FAE04EC0-301F-11D3-BF4B-00C04F79EFBC}") = "LtreeVisualizer", "LtreeVisualizer\LtreeVisualizer.csproj", "{BF406949-62CF-4F16-B5A5-4519FDD0EBAD}"
EndProject
Project("{FAE04EC0-301F-11D3-BF4B-00C04F79EFBC}") = "EasyPublish", "EasyPublish\EasyPublish.csproj", "{5DC902FF-1669-48AA-92B5-E1BBDCC6ECDB}"
EndProject
Global
	GlobalSection(SolutionConfigurationPlatforms) = preSolution
		AutomatedRelease|Any CPU = AutomatedRelease|Any CPU
		AutomatedRelease|Mixed Platforms = AutomatedRelease|Mixed Platforms
		AutomatedRelease|x86 = AutomatedRelease|x86
		Debug|Any CPU = Debug|Any CPU
		Debug|Mixed Platforms = Debug|Mixed Platforms
		Debug|x86 = Debug|x86
		Release|Any CPU = Release|Any CPU
		Release|Mixed Platforms = Release|Mixed Platforms
		Release|x86 = Release|x86
		ReleasePublish|Any CPU = ReleasePublish|Any CPU
		ReleasePublish|Mixed Platforms = ReleasePublish|Mixed Platforms
		ReleasePublish|x86 = ReleasePublish|x86
	EndGlobalSection
	GlobalSection(ProjectConfigurationPlatforms) = postSolution
		{DB3E251E-EF28-44D5-9F9A-DB07624CD753}.AutomatedRelease|Any CPU.ActiveCfg = Release|Any CPU
		{DB3E251E-EF28-44D5-9F9A-DB07624CD753}.AutomatedRelease|Any CPU.Build.0 = Release|Any CPU
		{DB3E251E-EF28-44D5-9F9A-DB07624CD753}.AutomatedRelease|Mixed Platforms.ActiveCfg = Release|Any CPU
		{DB3E251E-EF28-44D5-9F9A-DB07624CD753}.AutomatedRelease|Mixed Platforms.Build.0 = Release|Any CPU
		{DB3E251E-EF28-44D5-9F9A-DB07624CD753}.AutomatedRelease|x86.ActiveCfg = Release|Any CPU
		{DB3E251E-EF28-44D5-9F9A-DB07624CD753}.Debug|Any CPU.ActiveCfg = Debug|Any CPU
		{DB3E251E-EF28-44D5-9F9A-DB07624CD753}.Debug|Any CPU.Build.0 = Debug|Any CPU
		{DB3E251E-EF28-44D5-9F9A-DB07624CD753}.Debug|Mixed Platforms.ActiveCfg = Debug|Any CPU
		{DB3E251E-EF28-44D5-9F9A-DB07624CD753}.Debug|Mixed Platforms.Build.0 = Debug|Any CPU
		{DB3E251E-EF28-44D5-9F9A-DB07624CD753}.Debug|x86.ActiveCfg = Debug|Any CPU
		{DB3E251E-EF28-44D5-9F9A-DB07624CD753}.Release|Any CPU.ActiveCfg = Release|Any CPU
		{DB3E251E-EF28-44D5-9F9A-DB07624CD753}.Release|Any CPU.Build.0 = Release|Any CPU
		{DB3E251E-EF28-44D5-9F9A-DB07624CD753}.Release|Mixed Platforms.ActiveCfg = Release|Any CPU
		{DB3E251E-EF28-44D5-9F9A-DB07624CD753}.Release|Mixed Platforms.Build.0 = Release|Any CPU
		{DB3E251E-EF28-44D5-9F9A-DB07624CD753}.Release|x86.ActiveCfg = Release|Any CPU
		{DB3E251E-EF28-44D5-9F9A-DB07624CD753}.ReleasePublish|Any CPU.ActiveCfg = Release|Any CPU
		{DB3E251E-EF28-44D5-9F9A-DB07624CD753}.ReleasePublish|Any CPU.Build.0 = Release|Any CPU
		{DB3E251E-EF28-44D5-9F9A-DB07624CD753}.ReleasePublish|Mixed Platforms.ActiveCfg = Release|Any CPU
		{DB3E251E-EF28-44D5-9F9A-DB07624CD753}.ReleasePublish|Mixed Platforms.Build.0 = Release|Any CPU
		{DB3E251E-EF28-44D5-9F9A-DB07624CD753}.ReleasePublish|x86.ActiveCfg = Release|Any CPU
		{B27F1C32-FC29-4845-AD2B-89DDBFCDFD2F}.AutomatedRelease|Any CPU.ActiveCfg = Release|Any CPU
		{B27F1C32-FC29-4845-AD2B-89DDBFCDFD2F}.AutomatedRelease|Any CPU.Build.0 = Release|Any CPU
		{B27F1C32-FC29-4845-AD2B-89DDBFCDFD2F}.AutomatedRelease|Mixed Platforms.ActiveCfg = Release|Any CPU
		{B27F1C32-FC29-4845-AD2B-89DDBFCDFD2F}.AutomatedRelease|Mixed Platforms.Build.0 = Release|Any CPU
		{B27F1C32-FC29-4845-AD2B-89DDBFCDFD2F}.AutomatedRelease|x86.ActiveCfg = Release|Any CPU
		{B27F1C32-FC29-4845-AD2B-89DDBFCDFD2F}.Debug|Any CPU.ActiveCfg = Debug|Any CPU
		{B27F1C32-FC29-4845-AD2B-89DDBFCDFD2F}.Debug|Any CPU.Build.0 = Debug|Any CPU
		{B27F1C32-FC29-4845-AD2B-89DDBFCDFD2F}.Debug|Mixed Platforms.ActiveCfg = Debug|Any CPU
		{B27F1C32-FC29-4845-AD2B-89DDBFCDFD2F}.Debug|Mixed Platforms.Build.0 = Debug|Any CPU
		{B27F1C32-FC29-4845-AD2B-89DDBFCDFD2F}.Debug|x86.ActiveCfg = Debug|Any CPU
		{B27F1C32-FC29-4845-AD2B-89DDBFCDFD2F}.Release|Any CPU.ActiveCfg = Release|Any CPU
		{B27F1C32-FC29-4845-AD2B-89DDBFCDFD2F}.Release|Any CPU.Build.0 = Release|Any CPU
		{B27F1C32-FC29-4845-AD2B-89DDBFCDFD2F}.Release|Mixed Platforms.ActiveCfg = Release|Any CPU
		{B27F1C32-FC29-4845-AD2B-89DDBFCDFD2F}.Release|Mixed Platforms.Build.0 = Release|Any CPU
		{B27F1C32-FC29-4845-AD2B-89DDBFCDFD2F}.Release|x86.ActiveCfg = Release|Any CPU
		{B27F1C32-FC29-4845-AD2B-89DDBFCDFD2F}.ReleasePublish|Any CPU.ActiveCfg = Release|Any CPU
		{B27F1C32-FC29-4845-AD2B-89DDBFCDFD2F}.ReleasePublish|Any CPU.Build.0 = Release|Any CPU
		{B27F1C32-FC29-4845-AD2B-89DDBFCDFD2F}.ReleasePublish|Mixed Platforms.ActiveCfg = Release|Any CPU
		{B27F1C32-FC29-4845-AD2B-89DDBFCDFD2F}.ReleasePublish|Mixed Platforms.Build.0 = Release|Any CPU
		{B27F1C32-FC29-4845-AD2B-89DDBFCDFD2F}.ReleasePublish|x86.ActiveCfg = Release|Any CPU
		{0055C413-EA38-4721-943D-DF7E99BD3563}.AutomatedRelease|Any CPU.ActiveCfg = Release|Any CPU
		{0055C413-EA38-4721-943D-DF7E99BD3563}.AutomatedRelease|Any CPU.Build.0 = Release|Any CPU
		{0055C413-EA38-4721-943D-DF7E99BD3563}.AutomatedRelease|Mixed Platforms.ActiveCfg = Release|Any CPU
		{0055C413-EA38-4721-943D-DF7E99BD3563}.AutomatedRelease|Mixed Platforms.Build.0 = Release|Any CPU
		{0055C413-EA38-4721-943D-DF7E99BD3563}.AutomatedRelease|x86.ActiveCfg = Release|Any CPU
		{0055C413-EA38-4721-943D-DF7E99BD3563}.Debug|Any CPU.ActiveCfg = Debug|Any CPU
		{0055C413-EA38-4721-943D-DF7E99BD3563}.Debug|Any CPU.Build.0 = Debug|Any CPU
		{0055C413-EA38-4721-943D-DF7E99BD3563}.Debug|Mixed Platforms.ActiveCfg = Debug|Any CPU
		{0055C413-EA38-4721-943D-DF7E99BD3563}.Debug|Mixed Platforms.Build.0 = Debug|Any CPU
		{0055C413-EA38-4721-943D-DF7E99BD3563}.Debug|x86.ActiveCfg = Debug|Any CPU
		{0055C413-EA38-4721-943D-DF7E99BD3563}.Release|Any CPU.ActiveCfg = Release|Any CPU
		{0055C413-EA38-4721-943D-DF7E99BD3563}.Release|Any CPU.Build.0 = Release|Any CPU
		{0055C413-EA38-4721-943D-DF7E99BD3563}.Release|Mixed Platforms.ActiveCfg = Release|Any CPU
		{0055C413-EA38-4721-943D-DF7E99BD3563}.Release|Mixed Platforms.Build.0 = Release|Any CPU
		{0055C413-EA38-4721-943D-DF7E99BD3563}.Release|x86.ActiveCfg = Release|Any CPU
		{0055C413-EA38-4721-943D-DF7E99BD3563}.ReleasePublish|Any CPU.ActiveCfg = Release|Any CPU
		{0055C413-EA38-4721-943D-DF7E99BD3563}.ReleasePublish|Any CPU.Build.0 = Release|Any CPU
		{0055C413-EA38-4721-943D-DF7E99BD3563}.ReleasePublish|Mixed Platforms.ActiveCfg = Release|Any CPU
		{0055C413-EA38-4721-943D-DF7E99BD3563}.ReleasePublish|Mixed Platforms.Build.0 = Release|Any CPU
		{0055C413-EA38-4721-943D-DF7E99BD3563}.ReleasePublish|x86.ActiveCfg = Release|Any CPU
		{7716805C-620D-457D-8A53-2026CF69E765}.AutomatedRelease|Any CPU.ActiveCfg = Release|Any CPU
		{7716805C-620D-457D-8A53-2026CF69E765}.AutomatedRelease|Any CPU.Build.0 = Release|Any CPU
		{7716805C-620D-457D-8A53-2026CF69E765}.AutomatedRelease|Mixed Platforms.ActiveCfg = Release|Any CPU
		{7716805C-620D-457D-8A53-2026CF69E765}.AutomatedRelease|Mixed Platforms.Build.0 = Release|Any CPU
		{7716805C-620D-457D-8A53-2026CF69E765}.AutomatedRelease|x86.ActiveCfg = Release|Any CPU
		{7716805C-620D-457D-8A53-2026CF69E765}.Debug|Any CPU.ActiveCfg = Debug|Any CPU
		{7716805C-620D-457D-8A53-2026CF69E765}.Debug|Any CPU.Build.0 = Debug|Any CPU
		{7716805C-620D-457D-8A53-2026CF69E765}.Debug|Mixed Platforms.ActiveCfg = Debug|Any CPU
		{7716805C-620D-457D-8A53-2026CF69E765}.Debug|Mixed Platforms.Build.0 = Debug|Any CPU
		{7716805C-620D-457D-8A53-2026CF69E765}.Debug|x86.ActiveCfg = Debug|Any CPU
		{7716805C-620D-457D-8A53-2026CF69E765}.Release|Any CPU.ActiveCfg = Release|Any CPU
		{7716805C-620D-457D-8A53-2026CF69E765}.Release|Any CPU.Build.0 = Release|Any CPU
		{7716805C-620D-457D-8A53-2026CF69E765}.Release|Mixed Platforms.ActiveCfg = Release|Any CPU
		{7716805C-620D-457D-8A53-2026CF69E765}.Release|Mixed Platforms.Build.0 = Release|Any CPU
		{7716805C-620D-457D-8A53-2026CF69E765}.Release|x86.ActiveCfg = Release|Any CPU
		{7716805C-620D-457D-8A53-2026CF69E765}.ReleasePublish|Any CPU.ActiveCfg = Release|Any CPU
		{7716805C-620D-457D-8A53-2026CF69E765}.ReleasePublish|Any CPU.Build.0 = Release|Any CPU
		{7716805C-620D-457D-8A53-2026CF69E765}.ReleasePublish|Mixed Platforms.ActiveCfg = Release|Any CPU
		{7716805C-620D-457D-8A53-2026CF69E765}.ReleasePublish|Mixed Platforms.Build.0 = Release|Any CPU
		{7716805C-620D-457D-8A53-2026CF69E765}.ReleasePublish|x86.ActiveCfg = Release|Any CPU
		{B0BB4433-F9CF-423F-9C58-8FABD8A82B41}.AutomatedRelease|Any CPU.ActiveCfg = Release|Any CPU
		{B0BB4433-F9CF-423F-9C58-8FABD8A82B41}.AutomatedRelease|Any CPU.Build.0 = Release|Any CPU
		{B0BB4433-F9CF-423F-9C58-8FABD8A82B41}.AutomatedRelease|Mixed Platforms.ActiveCfg = Release|Any CPU
		{B0BB4433-F9CF-423F-9C58-8FABD8A82B41}.AutomatedRelease|Mixed Platforms.Build.0 = Release|Any CPU
		{B0BB4433-F9CF-423F-9C58-8FABD8A82B41}.AutomatedRelease|x86.ActiveCfg = Release|Any CPU
		{B0BB4433-F9CF-423F-9C58-8FABD8A82B41}.Debug|Any CPU.ActiveCfg = Debug|Any CPU
		{B0BB4433-F9CF-423F-9C58-8FABD8A82B41}.Debug|Any CPU.Build.0 = Debug|Any CPU
		{B0BB4433-F9CF-423F-9C58-8FABD8A82B41}.Debug|Mixed Platforms.ActiveCfg = Debug|Any CPU
		{B0BB4433-F9CF-423F-9C58-8FABD8A82B41}.Debug|Mixed Platforms.Build.0 = Debug|Any CPU
		{B0BB4433-F9CF-423F-9C58-8FABD8A82B41}.Debug|x86.ActiveCfg = Debug|Any CPU
		{B0BB4433-F9CF-423F-9C58-8FABD8A82B41}.Release|Any CPU.ActiveCfg = Release|Any CPU
		{B0BB4433-F9CF-423F-9C58-8FABD8A82B41}.Release|Any CPU.Build.0 = Release|Any CPU
		{B0BB4433-F9CF-423F-9C58-8FABD8A82B41}.Release|Mixed Platforms.ActiveCfg = Release|Any CPU
		{B0BB4433-F9CF-423F-9C58-8FABD8A82B41}.Release|Mixed Platforms.Build.0 = Release|Any CPU
		{B0BB4433-F9CF-423F-9C58-8FABD8A82B41}.Release|x86.ActiveCfg = Release|Any CPU
		{B0BB4433-F9CF-423F-9C58-8FABD8A82B41}.ReleasePublish|Any CPU.ActiveCfg = Release|Any CPU
		{B0BB4433-F9CF-423F-9C58-8FABD8A82B41}.ReleasePublish|Any CPU.Build.0 = Release|Any CPU
		{B0BB4433-F9CF-423F-9C58-8FABD8A82B41}.ReleasePublish|Mixed Platforms.ActiveCfg = Release|Any CPU
		{B0BB4433-F9CF-423F-9C58-8FABD8A82B41}.ReleasePublish|Mixed Platforms.Build.0 = Release|Any CPU
		{B0BB4433-F9CF-423F-9C58-8FABD8A82B41}.ReleasePublish|x86.ActiveCfg = Release|Any CPU
		{C09A8BDD-5E9F-43D9-91C5-7C6F6362A0B7}.AutomatedRelease|Any CPU.ActiveCfg = Release|Any CPU
		{C09A8BDD-5E9F-43D9-91C5-7C6F6362A0B7}.AutomatedRelease|Any CPU.Build.0 = Release|Any CPU
		{C09A8BDD-5E9F-43D9-91C5-7C6F6362A0B7}.AutomatedRelease|Mixed Platforms.ActiveCfg = Release|Any CPU
		{C09A8BDD-5E9F-43D9-91C5-7C6F6362A0B7}.AutomatedRelease|Mixed Platforms.Build.0 = Release|Any CPU
		{C09A8BDD-5E9F-43D9-91C5-7C6F6362A0B7}.AutomatedRelease|x86.ActiveCfg = Release|Any CPU
		{C09A8BDD-5E9F-43D9-91C5-7C6F6362A0B7}.Debug|Any CPU.ActiveCfg = Debug|Any CPU
		{C09A8BDD-5E9F-43D9-91C5-7C6F6362A0B7}.Debug|Any CPU.Build.0 = Debug|Any CPU
		{C09A8BDD-5E9F-43D9-91C5-7C6F6362A0B7}.Debug|Mixed Platforms.ActiveCfg = Debug|Any CPU
		{C09A8BDD-5E9F-43D9-91C5-7C6F6362A0B7}.Debug|Mixed Platforms.Build.0 = Debug|Any CPU
		{C09A8BDD-5E9F-43D9-91C5-7C6F6362A0B7}.Debug|x86.ActiveCfg = Debug|Any CPU
		{C09A8BDD-5E9F-43D9-91C5-7C6F6362A0B7}.Release|Any CPU.ActiveCfg = Release|Any CPU
		{C09A8BDD-5E9F-43D9-91C5-7C6F6362A0B7}.Release|Any CPU.Build.0 = Release|Any CPU
		{C09A8BDD-5E9F-43D9-91C5-7C6F6362A0B7}.Release|Mixed Platforms.ActiveCfg = Release|Any CPU
		{C09A8BDD-5E9F-43D9-91C5-7C6F6362A0B7}.Release|Mixed Platforms.Build.0 = Release|Any CPU
		{C09A8BDD-5E9F-43D9-91C5-7C6F6362A0B7}.Release|x86.ActiveCfg = Release|Any CPU
		{C09A8BDD-5E9F-43D9-91C5-7C6F6362A0B7}.ReleasePublish|Any CPU.ActiveCfg = Release|Any CPU
		{C09A8BDD-5E9F-43D9-91C5-7C6F6362A0B7}.ReleasePublish|Any CPU.Build.0 = Release|Any CPU
		{C09A8BDD-5E9F-43D9-91C5-7C6F6362A0B7}.ReleasePublish|Mixed Platforms.ActiveCfg = Release|Any CPU
		{C09A8BDD-5E9F-43D9-91C5-7C6F6362A0B7}.ReleasePublish|Mixed Platforms.Build.0 = Release|Any CPU
		{C09A8BDD-5E9F-43D9-91C5-7C6F6362A0B7}.ReleasePublish|x86.ActiveCfg = Release|Any CPU
		{27574C31-E46C-4E4D-BA36-404346F897C8}.AutomatedRelease|Any CPU.ActiveCfg = Release|Any CPU
		{27574C31-E46C-4E4D-BA36-404346F897C8}.AutomatedRelease|Any CPU.Build.0 = Release|Any CPU
		{27574C31-E46C-4E4D-BA36-404346F897C8}.AutomatedRelease|Mixed Platforms.ActiveCfg = Release|Any CPU
		{27574C31-E46C-4E4D-BA36-404346F897C8}.AutomatedRelease|Mixed Platforms.Build.0 = Release|Any CPU
		{27574C31-E46C-4E4D-BA36-404346F897C8}.AutomatedRelease|x86.ActiveCfg = Release|Any CPU
		{27574C31-E46C-4E4D-BA36-404346F897C8}.Debug|Any CPU.ActiveCfg = Debug|Any CPU
		{27574C31-E46C-4E4D-BA36-404346F897C8}.Debug|Any CPU.Build.0 = Debug|Any CPU
		{27574C31-E46C-4E4D-BA36-404346F897C8}.Debug|Mixed Platforms.ActiveCfg = Debug|Any CPU
		{27574C31-E46C-4E4D-BA36-404346F897C8}.Debug|Mixed Platforms.Build.0 = Debug|Any CPU
		{27574C31-E46C-4E4D-BA36-404346F897C8}.Debug|x86.ActiveCfg = Debug|Any CPU
		{27574C31-E46C-4E4D-BA36-404346F897C8}.Release|Any CPU.ActiveCfg = Release|Any CPU
		{27574C31-E46C-4E4D-BA36-404346F897C8}.Release|Any CPU.Build.0 = Release|Any CPU
		{27574C31-E46C-4E4D-BA36-404346F897C8}.Release|Mixed Platforms.ActiveCfg = Release|Any CPU
		{27574C31-E46C-4E4D-BA36-404346F897C8}.Release|Mixed Platforms.Build.0 = Release|Any CPU
		{27574C31-E46C-4E4D-BA36-404346F897C8}.Release|x86.ActiveCfg = Release|Any CPU
		{27574C31-E46C-4E4D-BA36-404346F897C8}.ReleasePublish|Any CPU.ActiveCfg = Release|Any CPU
		{27574C31-E46C-4E4D-BA36-404346F897C8}.ReleasePublish|Any CPU.Build.0 = Release|Any CPU
		{27574C31-E46C-4E4D-BA36-404346F897C8}.ReleasePublish|Mixed Platforms.ActiveCfg = Release|Any CPU
		{27574C31-E46C-4E4D-BA36-404346F897C8}.ReleasePublish|Mixed Platforms.Build.0 = Release|Any CPU
		{27574C31-E46C-4E4D-BA36-404346F897C8}.ReleasePublish|x86.ActiveCfg = Release|Any CPU
		{52E1F2EF-4462-4CC3-A783-2D3A352A2602}.AutomatedRelease|Any CPU.ActiveCfg = Release|Any CPU
		{52E1F2EF-4462-4CC3-A783-2D3A352A2602}.AutomatedRelease|Any CPU.Build.0 = Release|Any CPU
		{52E1F2EF-4462-4CC3-A783-2D3A352A2602}.AutomatedRelease|Mixed Platforms.ActiveCfg = Release|Any CPU
		{52E1F2EF-4462-4CC3-A783-2D3A352A2602}.AutomatedRelease|Mixed Platforms.Build.0 = Release|Any CPU
		{52E1F2EF-4462-4CC3-A783-2D3A352A2602}.AutomatedRelease|x86.ActiveCfg = Release|Any CPU
		{52E1F2EF-4462-4CC3-A783-2D3A352A2602}.Debug|Any CPU.ActiveCfg = Debug|Any CPU
		{52E1F2EF-4462-4CC3-A783-2D3A352A2602}.Debug|Any CPU.Build.0 = Debug|Any CPU
		{52E1F2EF-4462-4CC3-A783-2D3A352A2602}.Debug|Mixed Platforms.ActiveCfg = Debug|Any CPU
		{52E1F2EF-4462-4CC3-A783-2D3A352A2602}.Debug|Mixed Platforms.Build.0 = Debug|Any CPU
		{52E1F2EF-4462-4CC3-A783-2D3A352A2602}.Debug|x86.ActiveCfg = Debug|Any CPU
		{52E1F2EF-4462-4CC3-A783-2D3A352A2602}.Release|Any CPU.ActiveCfg = Release|Any CPU
		{52E1F2EF-4462-4CC3-A783-2D3A352A2602}.Release|Any CPU.Build.0 = Release|Any CPU
		{52E1F2EF-4462-4CC3-A783-2D3A352A2602}.Release|Mixed Platforms.ActiveCfg = Release|Any CPU
		{52E1F2EF-4462-4CC3-A783-2D3A352A2602}.Release|Mixed Platforms.Build.0 = Release|Any CPU
		{52E1F2EF-4462-4CC3-A783-2D3A352A2602}.Release|x86.ActiveCfg = Release|Any CPU
		{52E1F2EF-4462-4CC3-A783-2D3A352A2602}.ReleasePublish|Any CPU.ActiveCfg = Release|Any CPU
		{52E1F2EF-4462-4CC3-A783-2D3A352A2602}.ReleasePublish|Any CPU.Build.0 = Release|Any CPU
		{52E1F2EF-4462-4CC3-A783-2D3A352A2602}.ReleasePublish|Mixed Platforms.ActiveCfg = Release|Any CPU
		{52E1F2EF-4462-4CC3-A783-2D3A352A2602}.ReleasePublish|Mixed Platforms.Build.0 = Release|Any CPU
		{52E1F2EF-4462-4CC3-A783-2D3A352A2602}.ReleasePublish|x86.ActiveCfg = Release|Any CPU
		{D0C4DB7F-547E-4A40-A5CA-41391A310938}.AutomatedRelease|Any CPU.ActiveCfg = Release|Any CPU
		{D0C4DB7F-547E-4A40-A5CA-41391A310938}.AutomatedRelease|Any CPU.Build.0 = Release|Any CPU
		{D0C4DB7F-547E-4A40-A5CA-41391A310938}.AutomatedRelease|Mixed Platforms.ActiveCfg = Release|Any CPU
		{D0C4DB7F-547E-4A40-A5CA-41391A310938}.AutomatedRelease|Mixed Platforms.Build.0 = Release|Any CPU
		{D0C4DB7F-547E-4A40-A5CA-41391A310938}.AutomatedRelease|x86.ActiveCfg = Release|Any CPU
		{D0C4DB7F-547E-4A40-A5CA-41391A310938}.Debug|Any CPU.ActiveCfg = Debug|Any CPU
		{D0C4DB7F-547E-4A40-A5CA-41391A310938}.Debug|Any CPU.Build.0 = Debug|Any CPU
		{D0C4DB7F-547E-4A40-A5CA-41391A310938}.Debug|Mixed Platforms.ActiveCfg = Debug|Any CPU
		{D0C4DB7F-547E-4A40-A5CA-41391A310938}.Debug|Mixed Platforms.Build.0 = Debug|Any CPU
		{D0C4DB7F-547E-4A40-A5CA-41391A310938}.Debug|x86.ActiveCfg = Debug|Any CPU
		{D0C4DB7F-547E-4A40-A5CA-41391A310938}.Release|Any CPU.ActiveCfg = Release|Any CPU
		{D0C4DB7F-547E-4A40-A5CA-41391A310938}.Release|Any CPU.Build.0 = Release|Any CPU
		{D0C4DB7F-547E-4A40-A5CA-41391A310938}.Release|Mixed Platforms.ActiveCfg = Release|Any CPU
		{D0C4DB7F-547E-4A40-A5CA-41391A310938}.Release|Mixed Platforms.Build.0 = Release|Any CPU
		{D0C4DB7F-547E-4A40-A5CA-41391A310938}.Release|x86.ActiveCfg = Release|Any CPU
		{D0C4DB7F-547E-4A40-A5CA-41391A310938}.ReleasePublish|Any CPU.ActiveCfg = Release|Any CPU
		{D0C4DB7F-547E-4A40-A5CA-41391A310938}.ReleasePublish|Any CPU.Build.0 = Release|Any CPU
		{D0C4DB7F-547E-4A40-A5CA-41391A310938}.ReleasePublish|Mixed Platforms.ActiveCfg = Release|Any CPU
		{D0C4DB7F-547E-4A40-A5CA-41391A310938}.ReleasePublish|Mixed Platforms.Build.0 = Release|Any CPU
		{D0C4DB7F-547E-4A40-A5CA-41391A310938}.ReleasePublish|x86.ActiveCfg = Release|Any CPU
		{6DF982CF-DAE8-4994-9ADE-E30FD3E13723}.AutomatedRelease|Any CPU.ActiveCfg = Release|Any CPU
		{6DF982CF-DAE8-4994-9ADE-E30FD3E13723}.AutomatedRelease|Any CPU.Build.0 = Release|Any CPU
		{6DF982CF-DAE8-4994-9ADE-E30FD3E13723}.AutomatedRelease|Mixed Platforms.ActiveCfg = Release|Any CPU
		{6DF982CF-DAE8-4994-9ADE-E30FD3E13723}.AutomatedRelease|Mixed Platforms.Build.0 = Release|Any CPU
		{6DF982CF-DAE8-4994-9ADE-E30FD3E13723}.AutomatedRelease|x86.ActiveCfg = Release|Any CPU
		{6DF982CF-DAE8-4994-9ADE-E30FD3E13723}.Debug|Any CPU.ActiveCfg = Debug|Any CPU
		{6DF982CF-DAE8-4994-9ADE-E30FD3E13723}.Debug|Any CPU.Build.0 = Debug|Any CPU
		{6DF982CF-DAE8-4994-9ADE-E30FD3E13723}.Debug|Mixed Platforms.ActiveCfg = Debug|Any CPU
		{6DF982CF-DAE8-4994-9ADE-E30FD3E13723}.Debug|Mixed Platforms.Build.0 = Debug|Any CPU
		{6DF982CF-DAE8-4994-9ADE-E30FD3E13723}.Debug|x86.ActiveCfg = Debug|Any CPU
		{6DF982CF-DAE8-4994-9ADE-E30FD3E13723}.Release|Any CPU.ActiveCfg = Release|Any CPU
		{6DF982CF-DAE8-4994-9ADE-E30FD3E13723}.Release|Any CPU.Build.0 = Release|Any CPU
		{6DF982CF-DAE8-4994-9ADE-E30FD3E13723}.Release|Mixed Platforms.ActiveCfg = Release|Any CPU
		{6DF982CF-DAE8-4994-9ADE-E30FD3E13723}.Release|Mixed Platforms.Build.0 = Release|Any CPU
		{6DF982CF-DAE8-4994-9ADE-E30FD3E13723}.Release|x86.ActiveCfg = Release|Any CPU
		{6DF982CF-DAE8-4994-9ADE-E30FD3E13723}.ReleasePublish|Any CPU.ActiveCfg = ReleasePublish|Any CPU
		{6DF982CF-DAE8-4994-9ADE-E30FD3E13723}.ReleasePublish|Any CPU.Build.0 = ReleasePublish|Any CPU
		{6DF982CF-DAE8-4994-9ADE-E30FD3E13723}.ReleasePublish|Mixed Platforms.ActiveCfg = ReleasePublish|Any CPU
		{6DF982CF-DAE8-4994-9ADE-E30FD3E13723}.ReleasePublish|Mixed Platforms.Build.0 = ReleasePublish|Any CPU
		{6DF982CF-DAE8-4994-9ADE-E30FD3E13723}.ReleasePublish|x86.ActiveCfg = ReleasePublish|Any CPU
		{0742CD16-90C3-4FF9-914D-0F65C311F78B}.AutomatedRelease|Any CPU.ActiveCfg = Release|Any CPU
		{0742CD16-90C3-4FF9-914D-0F65C311F78B}.AutomatedRelease|Any CPU.Build.0 = Release|Any CPU
		{0742CD16-90C3-4FF9-914D-0F65C311F78B}.AutomatedRelease|Mixed Platforms.ActiveCfg = Release|Any CPU
		{0742CD16-90C3-4FF9-914D-0F65C311F78B}.AutomatedRelease|Mixed Platforms.Build.0 = Release|Any CPU
		{0742CD16-90C3-4FF9-914D-0F65C311F78B}.AutomatedRelease|x86.ActiveCfg = Release|Any CPU
		{0742CD16-90C3-4FF9-914D-0F65C311F78B}.Debug|Any CPU.ActiveCfg = Debug|Any CPU
		{0742CD16-90C3-4FF9-914D-0F65C311F78B}.Debug|Any CPU.Build.0 = Debug|Any CPU
		{0742CD16-90C3-4FF9-914D-0F65C311F78B}.Debug|Mixed Platforms.ActiveCfg = Debug|Any CPU
		{0742CD16-90C3-4FF9-914D-0F65C311F78B}.Debug|Mixed Platforms.Build.0 = Debug|Any CPU
		{0742CD16-90C3-4FF9-914D-0F65C311F78B}.Debug|x86.ActiveCfg = Debug|Any CPU
		{0742CD16-90C3-4FF9-914D-0F65C311F78B}.Release|Any CPU.ActiveCfg = Release|Any CPU
		{0742CD16-90C3-4FF9-914D-0F65C311F78B}.Release|Any CPU.Build.0 = Release|Any CPU
		{0742CD16-90C3-4FF9-914D-0F65C311F78B}.Release|Mixed Platforms.ActiveCfg = Release|Any CPU
		{0742CD16-90C3-4FF9-914D-0F65C311F78B}.Release|Mixed Platforms.Build.0 = Release|Any CPU
		{0742CD16-90C3-4FF9-914D-0F65C311F78B}.Release|x86.ActiveCfg = Release|Any CPU
		{0742CD16-90C3-4FF9-914D-0F65C311F78B}.ReleasePublish|Any CPU.ActiveCfg = Release|Any CPU
		{0742CD16-90C3-4FF9-914D-0F65C311F78B}.ReleasePublish|Any CPU.Build.0 = Release|Any CPU
		{0742CD16-90C3-4FF9-914D-0F65C311F78B}.ReleasePublish|Mixed Platforms.ActiveCfg = Release|Any CPU
		{0742CD16-90C3-4FF9-914D-0F65C311F78B}.ReleasePublish|Mixed Platforms.Build.0 = Release|Any CPU
		{0742CD16-90C3-4FF9-914D-0F65C311F78B}.ReleasePublish|x86.ActiveCfg = Release|Any CPU
		{A6CC8D7C-5D9E-4DAD-AD5B-52448EC4559D}.AutomatedRelease|Any CPU.ActiveCfg = Release|Any CPU
		{A6CC8D7C-5D9E-4DAD-AD5B-52448EC4559D}.AutomatedRelease|Any CPU.Build.0 = Release|Any CPU
		{A6CC8D7C-5D9E-4DAD-AD5B-52448EC4559D}.AutomatedRelease|Mixed Platforms.ActiveCfg = Release|Any CPU
		{A6CC8D7C-5D9E-4DAD-AD5B-52448EC4559D}.AutomatedRelease|Mixed Platforms.Build.0 = Release|Any CPU
		{A6CC8D7C-5D9E-4DAD-AD5B-52448EC4559D}.AutomatedRelease|x86.ActiveCfg = Release|Any CPU
		{A6CC8D7C-5D9E-4DAD-AD5B-52448EC4559D}.Debug|Any CPU.ActiveCfg = Debug|Any CPU
		{A6CC8D7C-5D9E-4DAD-AD5B-52448EC4559D}.Debug|Any CPU.Build.0 = Debug|Any CPU
		{A6CC8D7C-5D9E-4DAD-AD5B-52448EC4559D}.Debug|Mixed Platforms.ActiveCfg = Debug|Any CPU
		{A6CC8D7C-5D9E-4DAD-AD5B-52448EC4559D}.Debug|Mixed Platforms.Build.0 = Debug|Any CPU
		{A6CC8D7C-5D9E-4DAD-AD5B-52448EC4559D}.Debug|x86.ActiveCfg = Debug|Any CPU
		{A6CC8D7C-5D9E-4DAD-AD5B-52448EC4559D}.Release|Any CPU.ActiveCfg = Release|Any CPU
		{A6CC8D7C-5D9E-4DAD-AD5B-52448EC4559D}.Release|Any CPU.Build.0 = Release|Any CPU
		{A6CC8D7C-5D9E-4DAD-AD5B-52448EC4559D}.Release|Mixed Platforms.ActiveCfg = Release|Any CPU
		{A6CC8D7C-5D9E-4DAD-AD5B-52448EC4559D}.Release|Mixed Platforms.Build.0 = Release|Any CPU
		{A6CC8D7C-5D9E-4DAD-AD5B-52448EC4559D}.Release|x86.ActiveCfg = Release|Any CPU
		{A6CC8D7C-5D9E-4DAD-AD5B-52448EC4559D}.ReleasePublish|Any CPU.ActiveCfg = Release|Any CPU
		{A6CC8D7C-5D9E-4DAD-AD5B-52448EC4559D}.ReleasePublish|Any CPU.Build.0 = Release|Any CPU
		{A6CC8D7C-5D9E-4DAD-AD5B-52448EC4559D}.ReleasePublish|Mixed Platforms.ActiveCfg = Release|Any CPU
		{A6CC8D7C-5D9E-4DAD-AD5B-52448EC4559D}.ReleasePublish|Mixed Platforms.Build.0 = Release|Any CPU
		{A6CC8D7C-5D9E-4DAD-AD5B-52448EC4559D}.ReleasePublish|x86.ActiveCfg = Release|Any CPU
		{C08EEA93-7525-414C-A578-0F00170A8015}.AutomatedRelease|Any CPU.ActiveCfg = Release|Any CPU
		{C08EEA93-7525-414C-A578-0F00170A8015}.AutomatedRelease|Any CPU.Build.0 = Release|Any CPU
		{C08EEA93-7525-414C-A578-0F00170A8015}.AutomatedRelease|Mixed Platforms.ActiveCfg = Release|Any CPU
		{C08EEA93-7525-414C-A578-0F00170A8015}.AutomatedRelease|Mixed Platforms.Build.0 = Release|Any CPU
		{C08EEA93-7525-414C-A578-0F00170A8015}.AutomatedRelease|x86.ActiveCfg = Release|Any CPU
		{C08EEA93-7525-414C-A578-0F00170A8015}.Debug|Any CPU.ActiveCfg = Debug|Any CPU
		{C08EEA93-7525-414C-A578-0F00170A8015}.Debug|Any CPU.Build.0 = Debug|Any CPU
		{C08EEA93-7525-414C-A578-0F00170A8015}.Debug|Mixed Platforms.ActiveCfg = Debug|Any CPU
		{C08EEA93-7525-414C-A578-0F00170A8015}.Debug|Mixed Platforms.Build.0 = Debug|Any CPU
		{C08EEA93-7525-414C-A578-0F00170A8015}.Debug|x86.ActiveCfg = Debug|Any CPU
		{C08EEA93-7525-414C-A578-0F00170A8015}.Release|Any CPU.ActiveCfg = Release|Any CPU
		{C08EEA93-7525-414C-A578-0F00170A8015}.Release|Any CPU.Build.0 = Release|Any CPU
		{C08EEA93-7525-414C-A578-0F00170A8015}.Release|Mixed Platforms.ActiveCfg = Release|Any CPU
		{C08EEA93-7525-414C-A578-0F00170A8015}.Release|Mixed Platforms.Build.0 = Release|Any CPU
		{C08EEA93-7525-414C-A578-0F00170A8015}.Release|x86.ActiveCfg = Release|Any CPU
		{C08EEA93-7525-414C-A578-0F00170A8015}.ReleasePublish|Any CPU.ActiveCfg = Release|Any CPU
		{C08EEA93-7525-414C-A578-0F00170A8015}.ReleasePublish|Any CPU.Build.0 = Release|Any CPU
		{C08EEA93-7525-414C-A578-0F00170A8015}.ReleasePublish|Mixed Platforms.ActiveCfg = Release|Any CPU
		{C08EEA93-7525-414C-A578-0F00170A8015}.ReleasePublish|Mixed Platforms.Build.0 = Release|Any CPU
		{C08EEA93-7525-414C-A578-0F00170A8015}.ReleasePublish|x86.ActiveCfg = Release|Any CPU
		{A0AEF662-59FC-4E0C-BFB9-4CF1E31752B3}.AutomatedRelease|Any CPU.ActiveCfg = Release|Any CPU
		{A0AEF662-59FC-4E0C-BFB9-4CF1E31752B3}.AutomatedRelease|Any CPU.Build.0 = Release|Any CPU
		{A0AEF662-59FC-4E0C-BFB9-4CF1E31752B3}.AutomatedRelease|Mixed Platforms.ActiveCfg = Release|Any CPU
		{A0AEF662-59FC-4E0C-BFB9-4CF1E31752B3}.AutomatedRelease|Mixed Platforms.Build.0 = Release|Any CPU
		{A0AEF662-59FC-4E0C-BFB9-4CF1E31752B3}.AutomatedRelease|x86.ActiveCfg = Release|Any CPU
		{A0AEF662-59FC-4E0C-BFB9-4CF1E31752B3}.Debug|Any CPU.ActiveCfg = Debug|Any CPU
		{A0AEF662-59FC-4E0C-BFB9-4CF1E31752B3}.Debug|Any CPU.Build.0 = Debug|Any CPU
		{A0AEF662-59FC-4E0C-BFB9-4CF1E31752B3}.Debug|Mixed Platforms.ActiveCfg = Debug|Any CPU
		{A0AEF662-59FC-4E0C-BFB9-4CF1E31752B3}.Debug|Mixed Platforms.Build.0 = Debug|Any CPU
		{A0AEF662-59FC-4E0C-BFB9-4CF1E31752B3}.Debug|x86.ActiveCfg = Debug|Any CPU
		{A0AEF662-59FC-4E0C-BFB9-4CF1E31752B3}.Release|Any CPU.ActiveCfg = Release|Any CPU
		{A0AEF662-59FC-4E0C-BFB9-4CF1E31752B3}.Release|Any CPU.Build.0 = Release|Any CPU
		{A0AEF662-59FC-4E0C-BFB9-4CF1E31752B3}.Release|Mixed Platforms.ActiveCfg = Release|Any CPU
		{A0AEF662-59FC-4E0C-BFB9-4CF1E31752B3}.Release|Mixed Platforms.Build.0 = Release|Any CPU
		{A0AEF662-59FC-4E0C-BFB9-4CF1E31752B3}.Release|x86.ActiveCfg = Release|Any CPU
		{A0AEF662-59FC-4E0C-BFB9-4CF1E31752B3}.ReleasePublish|Any CPU.ActiveCfg = Release|Any CPU
		{A0AEF662-59FC-4E0C-BFB9-4CF1E31752B3}.ReleasePublish|Any CPU.Build.0 = Release|Any CPU
		{A0AEF662-59FC-4E0C-BFB9-4CF1E31752B3}.ReleasePublish|Mixed Platforms.ActiveCfg = Release|Any CPU
		{A0AEF662-59FC-4E0C-BFB9-4CF1E31752B3}.ReleasePublish|Mixed Platforms.Build.0 = Release|Any CPU
		{A0AEF662-59FC-4E0C-BFB9-4CF1E31752B3}.ReleasePublish|x86.ActiveCfg = Release|Any CPU
		{BF406949-62CF-4F16-B5A5-4519FDD0EBAD}.AutomatedRelease|Any CPU.ActiveCfg = Release|Any CPU
		{BF406949-62CF-4F16-B5A5-4519FDD0EBAD}.AutomatedRelease|Any CPU.Build.0 = Release|Any CPU
		{BF406949-62CF-4F16-B5A5-4519FDD0EBAD}.AutomatedRelease|Mixed Platforms.ActiveCfg = Release|Any CPU
		{BF406949-62CF-4F16-B5A5-4519FDD0EBAD}.AutomatedRelease|Mixed Platforms.Build.0 = Release|Any CPU
		{BF406949-62CF-4F16-B5A5-4519FDD0EBAD}.AutomatedRelease|x86.ActiveCfg = Release|Any CPU
		{BF406949-62CF-4F16-B5A5-4519FDD0EBAD}.Debug|Any CPU.ActiveCfg = Debug|Any CPU
		{BF406949-62CF-4F16-B5A5-4519FDD0EBAD}.Debug|Any CPU.Build.0 = Debug|Any CPU
		{BF406949-62CF-4F16-B5A5-4519FDD0EBAD}.Debug|Mixed Platforms.ActiveCfg = Debug|Any CPU
		{BF406949-62CF-4F16-B5A5-4519FDD0EBAD}.Debug|Mixed Platforms.Build.0 = Debug|Any CPU
		{BF406949-62CF-4F16-B5A5-4519FDD0EBAD}.Debug|x86.ActiveCfg = Debug|Any CPU
		{BF406949-62CF-4F16-B5A5-4519FDD0EBAD}.Release|Any CPU.ActiveCfg = Release|Any CPU
		{BF406949-62CF-4F16-B5A5-4519FDD0EBAD}.Release|Any CPU.Build.0 = Release|Any CPU
		{BF406949-62CF-4F16-B5A5-4519FDD0EBAD}.Release|Mixed Platforms.ActiveCfg = Release|Any CPU
		{BF406949-62CF-4F16-B5A5-4519FDD0EBAD}.Release|Mixed Platforms.Build.0 = Release|Any CPU
		{BF406949-62CF-4F16-B5A5-4519FDD0EBAD}.Release|x86.ActiveCfg = Release|Any CPU
		{BF406949-62CF-4F16-B5A5-4519FDD0EBAD}.ReleasePublish|Any CPU.ActiveCfg = Release|Any CPU
		{BF406949-62CF-4F16-B5A5-4519FDD0EBAD}.ReleasePublish|Any CPU.Build.0 = Release|Any CPU
		{BF406949-62CF-4F16-B5A5-4519FDD0EBAD}.ReleasePublish|Mixed Platforms.ActiveCfg = Release|Any CPU
		{BF406949-62CF-4F16-B5A5-4519FDD0EBAD}.ReleasePublish|Mixed Platforms.Build.0 = Release|Any CPU
		{BF406949-62CF-4F16-B5A5-4519FDD0EBAD}.ReleasePublish|x86.ActiveCfg = Release|Any CPU
		{5DC902FF-1669-48AA-92B5-E1BBDCC6ECDB}.AutomatedRelease|Any CPU.ActiveCfg = Release|Any CPU
		{5DC902FF-1669-48AA-92B5-E1BBDCC6ECDB}.AutomatedRelease|Any CPU.Build.0 = Release|Any CPU
		{5DC902FF-1669-48AA-92B5-E1BBDCC6ECDB}.AutomatedRelease|Mixed Platforms.ActiveCfg = Release|Any CPU
		{5DC902FF-1669-48AA-92B5-E1BBDCC6ECDB}.AutomatedRelease|Mixed Platforms.Build.0 = Release|Any CPU
		{5DC902FF-1669-48AA-92B5-E1BBDCC6ECDB}.AutomatedRelease|x86.ActiveCfg = Release|Any CPU
		{5DC902FF-1669-48AA-92B5-E1BBDCC6ECDB}.Debug|Any CPU.ActiveCfg = Debug|Any CPU
		{5DC902FF-1669-48AA-92B5-E1BBDCC6ECDB}.Debug|Any CPU.Build.0 = Debug|Any CPU
		{5DC902FF-1669-48AA-92B5-E1BBDCC6ECDB}.Debug|Mixed Platforms.ActiveCfg = Debug|Any CPU
		{5DC902FF-1669-48AA-92B5-E1BBDCC6ECDB}.Debug|Mixed Platforms.Build.0 = Debug|Any CPU
		{5DC902FF-1669-48AA-92B5-E1BBDCC6ECDB}.Debug|x86.ActiveCfg = Debug|Any CPU
		{5DC902FF-1669-48AA-92B5-E1BBDCC6ECDB}.Release|Any CPU.ActiveCfg = Release|Any CPU
		{5DC902FF-1669-48AA-92B5-E1BBDCC6ECDB}.Release|Any CPU.Build.0 = Release|Any CPU
		{5DC902FF-1669-48AA-92B5-E1BBDCC6ECDB}.Release|Mixed Platforms.ActiveCfg = Release|Any CPU
		{5DC902FF-1669-48AA-92B5-E1BBDCC6ECDB}.Release|Mixed Platforms.Build.0 = Release|Any CPU
		{5DC902FF-1669-48AA-92B5-E1BBDCC6ECDB}.Release|x86.ActiveCfg = Release|Any CPU
		{5DC902FF-1669-48AA-92B5-E1BBDCC6ECDB}.ReleasePublish|Any CPU.ActiveCfg = Release|Any CPU
		{5DC902FF-1669-48AA-92B5-E1BBDCC6ECDB}.ReleasePublish|Any CPU.Build.0 = Release|Any CPU
		{5DC902FF-1669-48AA-92B5-E1BBDCC6ECDB}.ReleasePublish|Mixed Platforms.ActiveCfg = ReleasePublish|Any CPU
		{5DC902FF-1669-48AA-92B5-E1BBDCC6ECDB}.ReleasePublish|Mixed Platforms.Build.0 = ReleasePublish|Any CPU
		{5DC902FF-1669-48AA-92B5-E1BBDCC6ECDB}.ReleasePublish|x86.ActiveCfg = ReleasePublish|Any CPU
	EndGlobalSection
	GlobalSection(SolutionProperties) = preSolution
		HideSolutionNode = FALSE
	EndGlobalSection
	GlobalSection(NestedProjects) = preSolution
		{B0BB4433-F9CF-423F-9C58-8FABD8A82B41} = {16F39C83-EC82-4286-BAA2-EE91D5CC461B}
		{C09A8BDD-5E9F-43D9-91C5-7C6F6362A0B7} = {16F39C83-EC82-4286-BAA2-EE91D5CC461B}
		{6DF982CF-DAE8-4994-9ADE-E30FD3E13723} = {16F39C83-EC82-4286-BAA2-EE91D5CC461B}
		{27574C31-E46C-4E4D-BA36-404346F897C8} = {545BA7F6-928A-4C2C-AB0F-5EFB5D153708}
		{52E1F2EF-4462-4CC3-A783-2D3A352A2602} = {545BA7F6-928A-4C2C-AB0F-5EFB5D153708}
		{D0C4DB7F-547E-4A40-A5CA-41391A310938} = {545BA7F6-928A-4C2C-AB0F-5EFB5D153708}
		{0742CD16-90C3-4FF9-914D-0F65C311F78B} = {391649F4-9A97-4855-9493-0EAF2D8E8BB3}
		{A6CC8D7C-5D9E-4DAD-AD5B-52448EC4559D} = {391649F4-9A97-4855-9493-0EAF2D8E8BB3}
		{C08EEA93-7525-414C-A578-0F00170A8015} = {391649F4-9A97-4855-9493-0EAF2D8E8BB3}
		{A0AEF662-59FC-4E0C-BFB9-4CF1E31752B3} = {391649F4-9A97-4855-9493-0EAF2D8E8BB3}
		{BF406949-62CF-4F16-B5A5-4519FDD0EBAD} = {391649F4-9A97-4855-9493-0EAF2D8E8BB3}
		{5DC902FF-1669-48AA-92B5-E1BBDCC6ECDB} = {391649F4-9A97-4855-9493-0EAF2D8E8BB3}
	EndGlobalSection
	GlobalSection(TestCaseManagementSettings) = postSolution
		CategoryFile = Utopia.vsmdi
	EndGlobalSection
	GlobalSection(SubversionScc) = preSolution
		Svn-Managed = True
		Manager = AnkhSVN - Subversion Support for Visual Studio
	EndGlobalSection
EndGlobal
