
Microsoft Visual Studio Solution File, Format Version 11.00
# Visual Studio 2010
Project("{FAE04EC0-301F-11D3-BF4B-00C04F79EFBC}") = "Utopia.MapGenerator", "Utopia.MapGenerator.csproj", "{647F74C4-9F72-40F3-A0BC-8070176CEFBF}"
EndProject
Project("{FAE04EC0-301F-11D3-BF4B-00C04F79EFBC}") = "FortuneVoronoi", "FortuneVoronoi\FortuneVoronoi.csproj", "{DDF5D740-6EE1-44BA-9DB9-782BF23E28D6}"
EndProject
Project("{FAE04EC0-301F-11D3-BF4B-00C04F79EFBC}") = "S33M3Engines.Shared", "..\..\Utopia\S33M3Engines.Shared\S33M3Engines.Shared.csproj", "{6D148E07-4114-42CF-B0C2-9350746E1304}"
EndProject
Project("{FAE04EC0-301F-11D3-BF4B-00C04F79EFBC}") = "Utopia.Shared", "..\..\Utopia\Utopia.Shared\Utopia.Shared.csproj", "{0055C413-EA38-4721-943D-DF7E99BD3563}"
EndProject
Global
	GlobalSection(SolutionConfigurationPlatforms) = preSolution
		Debug|Any CPU = Debug|Any CPU
		Debug|Mixed Platforms = Debug|Mixed Platforms
		Debug|x86 = Debug|x86
		Release|Any CPU = Release|Any CPU
		Release|Mixed Platforms = Release|Mixed Platforms
		Release|x86 = Release|x86
	EndGlobalSection
	GlobalSection(ProjectConfigurationPlatforms) = postSolution
		{647F74C4-9F72-40F3-A0BC-8070176CEFBF}.Debug|Any CPU.ActiveCfg = Debug|x86
		{647F74C4-9F72-40F3-A0BC-8070176CEFBF}.Debug|Mixed Platforms.ActiveCfg = Debug|x86
		{647F74C4-9F72-40F3-A0BC-8070176CEFBF}.Debug|Mixed Platforms.Build.0 = Debug|x86
		{647F74C4-9F72-40F3-A0BC-8070176CEFBF}.Debug|x86.ActiveCfg = Debug|x86
		{647F74C4-9F72-40F3-A0BC-8070176CEFBF}.Debug|x86.Build.0 = Debug|x86
		{647F74C4-9F72-40F3-A0BC-8070176CEFBF}.Release|Any CPU.ActiveCfg = Release|x86
		{647F74C4-9F72-40F3-A0BC-8070176CEFBF}.Release|Mixed Platforms.ActiveCfg = Release|x86
		{647F74C4-9F72-40F3-A0BC-8070176CEFBF}.Release|Mixed Platforms.Build.0 = Release|x86
		{647F74C4-9F72-40F3-A0BC-8070176CEFBF}.Release|x86.ActiveCfg = Release|x86
		{647F74C4-9F72-40F3-A0BC-8070176CEFBF}.Release|x86.Build.0 = Release|x86
		{DDF5D740-6EE1-44BA-9DB9-782BF23E28D6}.Debug|Any CPU.ActiveCfg = Debug|Any CPU
		{DDF5D740-6EE1-44BA-9DB9-782BF23E28D6}.Debug|Any CPU.Build.0 = Debug|Any CPU
		{DDF5D740-6EE1-44BA-9DB9-782BF23E28D6}.Debug|Mixed Platforms.ActiveCfg = Debug|Any CPU
		{DDF5D740-6EE1-44BA-9DB9-782BF23E28D6}.Debug|Mixed Platforms.Build.0 = Debug|Any CPU
		{DDF5D740-6EE1-44BA-9DB9-782BF23E28D6}.Debug|x86.ActiveCfg = Debug|Any CPU
		{DDF5D740-6EE1-44BA-9DB9-782BF23E28D6}.Release|Any CPU.ActiveCfg = Release|Any CPU
		{DDF5D740-6EE1-44BA-9DB9-782BF23E28D6}.Release|Any CPU.Build.0 = Release|Any CPU
		{DDF5D740-6EE1-44BA-9DB9-782BF23E28D6}.Release|Mixed Platforms.ActiveCfg = Release|Any CPU
		{DDF5D740-6EE1-44BA-9DB9-782BF23E28D6}.Release|Mixed Platforms.Build.0 = Release|Any CPU
		{DDF5D740-6EE1-44BA-9DB9-782BF23E28D6}.Release|x86.ActiveCfg = Release|Any CPU
		{6D148E07-4114-42CF-B0C2-9350746E1304}.Debug|Any CPU.ActiveCfg = Debug|Any CPU
		{6D148E07-4114-42CF-B0C2-9350746E1304}.Debug|Any CPU.Build.0 = Debug|Any CPU
		{6D148E07-4114-42CF-B0C2-9350746E1304}.Debug|Mixed Platforms.ActiveCfg = Debug|Any CPU
		{6D148E07-4114-42CF-B0C2-9350746E1304}.Debug|Mixed Platforms.Build.0 = Debug|Any CPU
		{6D148E07-4114-42CF-B0C2-9350746E1304}.Debug|x86.ActiveCfg = Debug|Any CPU
		{6D148E07-4114-42CF-B0C2-9350746E1304}.Release|Any CPU.ActiveCfg = Release|Any CPU
		{6D148E07-4114-42CF-B0C2-9350746E1304}.Release|Any CPU.Build.0 = Release|Any CPU
		{6D148E07-4114-42CF-B0C2-9350746E1304}.Release|Mixed Platforms.ActiveCfg = Release|Any CPU
		{6D148E07-4114-42CF-B0C2-9350746E1304}.Release|Mixed Platforms.Build.0 = Release|Any CPU
		{6D148E07-4114-42CF-B0C2-9350746E1304}.Release|x86.ActiveCfg = Release|Any CPU
		{0055C413-EA38-4721-943D-DF7E99BD3563}.Debug|Any CPU.ActiveCfg = Debug|Any CPU
		{0055C413-EA38-4721-943D-DF7E99BD3563}.Debug|Any CPU.Build.0 = Debug|Any CPU
		{0055C413-EA38-4721-943D-DF7E99BD3563}.Debug|Mixed Platforms.ActiveCfg = Debug|Any CPU
		{0055C413-EA38-4721-943D-DF7E99BD3563}.Debug|Mixed Platforms.Build.0 = Debug|Any CPU
		{0055C413-EA38-4721-943D-DF7E99BD3563}.Debug|x86.ActiveCfg = Debug|Any CPU
		{0055C413-EA38-4721-943D-DF7E99BD3563}.Release|Any CPU.ActiveCfg = Release|Any CPU
		{0055C413-EA38-4721-943D-DF7E99BD3563}.Release|Any CPU.Build.0 = Release|Any CPU
		{0055C413-EA38-4721-943D-DF7E99BD3563}.Release|Mixed Platforms.ActiveCfg = Release|Any CPU
		{0055C413-EA38-4721-943D-DF7E99BD3563}.Release|Mixed Platforms.Build.0 = Release|Any CPU
		{0055C413-EA38-4721-943D-DF7E99BD3563}.Release|x86.ActiveCfg = Release|Any CPU
	EndGlobalSection
	GlobalSection(SolutionProperties) = preSolution
		HideSolutionNode = FALSE
	EndGlobalSection
EndGlobal
