
Microsoft Visual Studio Solution File, Format Version 11.00
# Visual Studio 2010
Project("{FAE04EC0-301F-11D3-BF4B-00C04F79EFBC}") = "S33M3DXEngine", "S33M3DXEngine\S33M3DXEngine.csproj", "{27574C31-E46C-4E4D-BA36-404346F897C8}"
EndProject
Project("{FAE04EC0-301F-11D3-BF4B-00C04F79EFBC}") = "S33M3CoreComponents", "S33M3CoreComponents\S33M3CoreComponents.csproj", "{D0C4DB7F-547E-4A40-A5CA-41391A310938}"
EndProject
Project("{FAE04EC0-301F-11D3-BF4B-00C04F79EFBC}") = "S33M3Resources", "S33M3Resources\S33M3Resources.csproj", "{52E1F2EF-4462-4CC3-A783-2D3A352A2602}"
EndProject
Project("{2150E333-8FDC-42A3-9474-1A3956D46DE8}") = "Samples", "Samples", "{15D3D3CC-C78A-41F9-9347-9D85A72670F8}"
EndProject
Project("{FAE04EC0-301F-11D3-BF4B-00C04F79EFBC}") = "MiniTri", "Samples\MiniTri\MiniTri.csproj", "{886E42FA-F9FA-4144-886F-0BFFCCD46E40}"
EndProject
Project("{FAE04EC0-301F-11D3-BF4B-00C04F79EFBC}") = "CameraTest", "Samples\CameraTest\CameraTest.csproj", "{9A0704DA-F4C3-41A4-BD6F-0E8A3438DC39}"
EndProject
Project("{FAE04EC0-301F-11D3-BF4B-00C04F79EFBC}") = "InputsManagerTest", "Samples\InputsManagerTest\InputsManagerTest.csproj", "{8F8737E7-8A47-4626-944C-319DC8F71661}"
EndProject
Project("{FAE04EC0-301F-11D3-BF4B-00C04F79EFBC}") = "States", "Samples\States\States.csproj", "{E4F95E14-EED1-4F70-97EF-5B4F6DDE1DFD}"
EndProject
Project("{FAE04EC0-301F-11D3-BF4B-00C04F79EFBC}") = "GUI", "GUI\GUI.csproj", "{572CDA54-0128-4CA4-9D07-3B87EE5093B6}"
EndProject
Global
	GlobalSection(SolutionConfigurationPlatforms) = preSolution
		Debug|Any CPU = Debug|Any CPU
		Debug|Mixed Platforms = Debug|Mixed Platforms
		Debug|x86 = Debug|x86
		Release|Any CPU = Release|Any CPU
		Release|Mixed Platforms = Release|Mixed Platforms
		Release|x86 = Release|x86
	EndGlobalSection
	GlobalSection(ProjectConfigurationPlatforms) = postSolution
		{27574C31-E46C-4E4D-BA36-404346F897C8}.Debug|Any CPU.ActiveCfg = Debug|Any CPU
		{27574C31-E46C-4E4D-BA36-404346F897C8}.Debug|Any CPU.Build.0 = Debug|Any CPU
		{27574C31-E46C-4E4D-BA36-404346F897C8}.Debug|Mixed Platforms.ActiveCfg = Debug|Any CPU
		{27574C31-E46C-4E4D-BA36-404346F897C8}.Debug|Mixed Platforms.Build.0 = Debug|Any CPU
		{27574C31-E46C-4E4D-BA36-404346F897C8}.Debug|x86.ActiveCfg = Debug|Any CPU
		{27574C31-E46C-4E4D-BA36-404346F897C8}.Release|Any CPU.ActiveCfg = Release|Any CPU
		{27574C31-E46C-4E4D-BA36-404346F897C8}.Release|Any CPU.Build.0 = Release|Any CPU
		{27574C31-E46C-4E4D-BA36-404346F897C8}.Release|Mixed Platforms.ActiveCfg = Release|Any CPU
		{27574C31-E46C-4E4D-BA36-404346F897C8}.Release|Mixed Platforms.Build.0 = Release|Any CPU
		{27574C31-E46C-4E4D-BA36-404346F897C8}.Release|x86.ActiveCfg = Release|Any CPU
		{D0C4DB7F-547E-4A40-A5CA-41391A310938}.Debug|Any CPU.ActiveCfg = Debug|Any CPU
		{D0C4DB7F-547E-4A40-A5CA-41391A310938}.Debug|Any CPU.Build.0 = Debug|Any CPU
		{D0C4DB7F-547E-4A40-A5CA-41391A310938}.Debug|Mixed Platforms.ActiveCfg = Debug|Any CPU
		{D0C4DB7F-547E-4A40-A5CA-41391A310938}.Debug|Mixed Platforms.Build.0 = Debug|Any CPU
		{D0C4DB7F-547E-4A40-A5CA-41391A310938}.Debug|x86.ActiveCfg = Debug|Any CPU
		{D0C4DB7F-547E-4A40-A5CA-41391A310938}.Release|Any CPU.ActiveCfg = Release|Any CPU
		{D0C4DB7F-547E-4A40-A5CA-41391A310938}.Release|Any CPU.Build.0 = Release|Any CPU
		{D0C4DB7F-547E-4A40-A5CA-41391A310938}.Release|Mixed Platforms.ActiveCfg = Release|Any CPU
		{D0C4DB7F-547E-4A40-A5CA-41391A310938}.Release|Mixed Platforms.Build.0 = Release|Any CPU
		{D0C4DB7F-547E-4A40-A5CA-41391A310938}.Release|x86.ActiveCfg = Release|Any CPU
		{52E1F2EF-4462-4CC3-A783-2D3A352A2602}.Debug|Any CPU.ActiveCfg = Debug|Any CPU
		{52E1F2EF-4462-4CC3-A783-2D3A352A2602}.Debug|Any CPU.Build.0 = Debug|Any CPU
		{52E1F2EF-4462-4CC3-A783-2D3A352A2602}.Debug|Mixed Platforms.ActiveCfg = Debug|Any CPU
		{52E1F2EF-4462-4CC3-A783-2D3A352A2602}.Debug|Mixed Platforms.Build.0 = Debug|Any CPU
		{52E1F2EF-4462-4CC3-A783-2D3A352A2602}.Debug|x86.ActiveCfg = Debug|Any CPU
		{52E1F2EF-4462-4CC3-A783-2D3A352A2602}.Release|Any CPU.ActiveCfg = Release|Any CPU
		{52E1F2EF-4462-4CC3-A783-2D3A352A2602}.Release|Any CPU.Build.0 = Release|Any CPU
		{52E1F2EF-4462-4CC3-A783-2D3A352A2602}.Release|Mixed Platforms.ActiveCfg = Release|Any CPU
		{52E1F2EF-4462-4CC3-A783-2D3A352A2602}.Release|Mixed Platforms.Build.0 = Release|Any CPU
		{52E1F2EF-4462-4CC3-A783-2D3A352A2602}.Release|x86.ActiveCfg = Release|Any CPU
		{886E42FA-F9FA-4144-886F-0BFFCCD46E40}.Debug|Any CPU.ActiveCfg = Debug|x86
		{886E42FA-F9FA-4144-886F-0BFFCCD46E40}.Debug|Mixed Platforms.ActiveCfg = Debug|x86
		{886E42FA-F9FA-4144-886F-0BFFCCD46E40}.Debug|Mixed Platforms.Build.0 = Debug|x86
		{886E42FA-F9FA-4144-886F-0BFFCCD46E40}.Debug|x86.ActiveCfg = Debug|x86
		{886E42FA-F9FA-4144-886F-0BFFCCD46E40}.Debug|x86.Build.0 = Debug|x86
		{886E42FA-F9FA-4144-886F-0BFFCCD46E40}.Release|Any CPU.ActiveCfg = Release|x86
		{886E42FA-F9FA-4144-886F-0BFFCCD46E40}.Release|Mixed Platforms.ActiveCfg = Release|x86
		{886E42FA-F9FA-4144-886F-0BFFCCD46E40}.Release|Mixed Platforms.Build.0 = Release|x86
		{886E42FA-F9FA-4144-886F-0BFFCCD46E40}.Release|x86.ActiveCfg = Release|x86
		{886E42FA-F9FA-4144-886F-0BFFCCD46E40}.Release|x86.Build.0 = Release|x86
		{9A0704DA-F4C3-41A4-BD6F-0E8A3438DC39}.Debug|Any CPU.ActiveCfg = Debug|x86
		{9A0704DA-F4C3-41A4-BD6F-0E8A3438DC39}.Debug|Mixed Platforms.ActiveCfg = Debug|x86
		{9A0704DA-F4C3-41A4-BD6F-0E8A3438DC39}.Debug|Mixed Platforms.Build.0 = Debug|x86
		{9A0704DA-F4C3-41A4-BD6F-0E8A3438DC39}.Debug|x86.ActiveCfg = Debug|x86
		{9A0704DA-F4C3-41A4-BD6F-0E8A3438DC39}.Debug|x86.Build.0 = Debug|x86
		{9A0704DA-F4C3-41A4-BD6F-0E8A3438DC39}.Release|Any CPU.ActiveCfg = Release|x86
		{9A0704DA-F4C3-41A4-BD6F-0E8A3438DC39}.Release|Mixed Platforms.ActiveCfg = Release|x86
		{9A0704DA-F4C3-41A4-BD6F-0E8A3438DC39}.Release|Mixed Platforms.Build.0 = Release|x86
		{9A0704DA-F4C3-41A4-BD6F-0E8A3438DC39}.Release|x86.ActiveCfg = Release|x86
		{9A0704DA-F4C3-41A4-BD6F-0E8A3438DC39}.Release|x86.Build.0 = Release|x86
		{8F8737E7-8A47-4626-944C-319DC8F71661}.Debug|Any CPU.ActiveCfg = Debug|x86
		{8F8737E7-8A47-4626-944C-319DC8F71661}.Debug|Mixed Platforms.ActiveCfg = Debug|x86
		{8F8737E7-8A47-4626-944C-319DC8F71661}.Debug|Mixed Platforms.Build.0 = Debug|x86
		{8F8737E7-8A47-4626-944C-319DC8F71661}.Debug|x86.ActiveCfg = Debug|x86
		{8F8737E7-8A47-4626-944C-319DC8F71661}.Debug|x86.Build.0 = Debug|x86
		{8F8737E7-8A47-4626-944C-319DC8F71661}.Release|Any CPU.ActiveCfg = Release|x86
		{8F8737E7-8A47-4626-944C-319DC8F71661}.Release|Mixed Platforms.ActiveCfg = Release|x86
		{8F8737E7-8A47-4626-944C-319DC8F71661}.Release|Mixed Platforms.Build.0 = Release|x86
		{8F8737E7-8A47-4626-944C-319DC8F71661}.Release|x86.ActiveCfg = Release|x86
		{8F8737E7-8A47-4626-944C-319DC8F71661}.Release|x86.Build.0 = Release|x86
		{E4F95E14-EED1-4F70-97EF-5B4F6DDE1DFD}.Debug|Any CPU.ActiveCfg = Debug|x86
		{E4F95E14-EED1-4F70-97EF-5B4F6DDE1DFD}.Debug|Mixed Platforms.ActiveCfg = Debug|x86
		{E4F95E14-EED1-4F70-97EF-5B4F6DDE1DFD}.Debug|Mixed Platforms.Build.0 = Debug|x86
		{E4F95E14-EED1-4F70-97EF-5B4F6DDE1DFD}.Debug|x86.ActiveCfg = Debug|x86
		{E4F95E14-EED1-4F70-97EF-5B4F6DDE1DFD}.Debug|x86.Build.0 = Debug|x86
		{E4F95E14-EED1-4F70-97EF-5B4F6DDE1DFD}.Release|Any CPU.ActiveCfg = Release|x86
		{E4F95E14-EED1-4F70-97EF-5B4F6DDE1DFD}.Release|Mixed Platforms.ActiveCfg = Release|x86
		{E4F95E14-EED1-4F70-97EF-5B4F6DDE1DFD}.Release|Mixed Platforms.Build.0 = Release|x86
		{E4F95E14-EED1-4F70-97EF-5B4F6DDE1DFD}.Release|x86.ActiveCfg = Release|x86
		{E4F95E14-EED1-4F70-97EF-5B4F6DDE1DFD}.Release|x86.Build.0 = Release|x86
		{572CDA54-0128-4CA4-9D07-3B87EE5093B6}.Debug|Any CPU.ActiveCfg = Debug|x86
		{572CDA54-0128-4CA4-9D07-3B87EE5093B6}.Debug|Mixed Platforms.ActiveCfg = Debug|x86
		{572CDA54-0128-4CA4-9D07-3B87EE5093B6}.Debug|Mixed Platforms.Build.0 = Debug|x86
		{572CDA54-0128-4CA4-9D07-3B87EE5093B6}.Debug|x86.ActiveCfg = Debug|x86
		{572CDA54-0128-4CA4-9D07-3B87EE5093B6}.Debug|x86.Build.0 = Debug|x86
		{572CDA54-0128-4CA4-9D07-3B87EE5093B6}.Release|Any CPU.ActiveCfg = Release|x86
		{572CDA54-0128-4CA4-9D07-3B87EE5093B6}.Release|Mixed Platforms.ActiveCfg = Release|x86
		{572CDA54-0128-4CA4-9D07-3B87EE5093B6}.Release|Mixed Platforms.Build.0 = Release|x86
		{572CDA54-0128-4CA4-9D07-3B87EE5093B6}.Release|x86.ActiveCfg = Release|x86
		{572CDA54-0128-4CA4-9D07-3B87EE5093B6}.Release|x86.Build.0 = Release|x86
	EndGlobalSection
	GlobalSection(SolutionProperties) = preSolution
		HideSolutionNode = FALSE
	EndGlobalSection
	GlobalSection(NestedProjects) = preSolution
		{886E42FA-F9FA-4144-886F-0BFFCCD46E40} = {15D3D3CC-C78A-41F9-9347-9D85A72670F8}
		{9A0704DA-F4C3-41A4-BD6F-0E8A3438DC39} = {15D3D3CC-C78A-41F9-9347-9D85A72670F8}
		{8F8737E7-8A47-4626-944C-319DC8F71661} = {15D3D3CC-C78A-41F9-9347-9D85A72670F8}
		{E4F95E14-EED1-4F70-97EF-5B4F6DDE1DFD} = {15D3D3CC-C78A-41F9-9347-9D85A72670F8}
		{572CDA54-0128-4CA4-9D07-3B87EE5093B6} = {15D3D3CC-C78A-41F9-9347-9D85A72670F8}
	EndGlobalSection
EndGlobal
